# This file is automatically @generated by Poetry 2.1.3 and should not be changed by hand.

[[package]]
name = "colorama"
version = "0.4.6"
description = "Cross-platform colored terminal text."
optional = false
python-versions = "!=3.0.*,!=3.1.*,!=3.2.*,!=3.3.*,!=3.4.*,!=3.5.*,!=3.6.*,>=2.7"
groups = ["main"]
markers = "sys_platform == \"win32\""
files = [
    {file = "colorama-0.4.6-py2.py3-none-any.whl", hash = "sha256:4f1d9991f5acc0ca119f9d443620b77f9d6b33703e51011c16baf57afb285fc6"},
    {file = "colorama-0.4.6.tar.gz", hash = "sha256:08695f5cb7ed6e0531a20572697297273c47b8cae5a63ffc6d6ed5c201be6e44"},
]

[[package]]
name = "et-xmlfile"
version = "2.0.0"
description = "An implementation of lxml.xmlfile for the standard library"
optional = false
python-versions = ">=3.8"
groups = ["main"]
files = [
    {file = "et_xmlfile-2.0.0-py3-none-any.whl", hash = "sha256:7a91720bc756843502c3b7504c77b8fe44217c85c537d85037f0f536151b2caa"},
    {file = "et_xmlfile-2.0.0.tar.gz", hash = "sha256:dab3f4764309081ce75662649be815c4c9081e88f0837825f90fd28317d4da54"},
]

[[package]]
name = "iniconfig"
version = "2.1.0"
description = "brain-dead simple config-ini parsing"
optional = false
python-versions = ">=3.8"
groups = ["main"]
files = [
    {file = "iniconfig-2.1.0-py3-none-any.whl", hash = "sha256:9deba5723312380e77435581c6bf4935c94cbfab9b1ed33ef8d238ea168eb760"},
    {file = "iniconfig-2.1.0.tar.gz", hash = "sha256:3abbd2e30b36733fee78f9c7f7308f2d0050e88f0087fd25c2645f63c773e1c7"},
]

[[package]]
name = "openpyxl"
version = "3.1.5"
description = "A Python library to read/write Excel 2010 xlsx/xlsm files"
optional = false
python-versions = ">=3.8"
groups = ["main"]
files = [
    {file = "openpyxl-3.1.5-py2.py3-none-any.whl", hash = "sha256:5282c12b107bffeef825f4617dc029afaf41d0ea60823bbb665ef3079dc79de2"},
    {file = "openpyxl-3.1.5.tar.gz", hash = "sha256:cf0e3cf56142039133628b5acffe8ef0c12bc902d2aadd3e0fe5878dc08d1050"},
]

[package.dependencies]
et-xmlfile = "*"

[[package]]
name = "packaging"
version = "25.0"
description = "Core utilities for Python packages"
optional = false
python-versions = ">=3.8"
groups = ["main"]
files = [
    {file = "packaging-25.0-py3-none-any.whl", hash = "sha256:29572ef2b1f17581046b3a2227d5c611fb25ec70ca1ba8554b24b0e69331a484"},
    {file = "packaging-25.0.tar.gz", hash = "sha256:d443872c98d677bf60f6a1f2f8c1cb748e8fe762d2bf9d3148b5599295b0fc4f"},
]

[[package]]
name = "pluggy"
version = "1.6.0"
description = "plugin and hook calling mechanisms for python"
optional = false
python-versions = ">=3.9"
groups = ["main"]
files = [
    {file = "pluggy-1.6.0-py3-none-any.whl", hash = "sha256:e920276dd6813095e9377c0bc5566d94c932c33b27a3e3945d8389c374dd4746"},
    {file = "pluggy-1.6.0.tar.gz", hash = "sha256:7dcc130b76258d33b90f61b658791dede3486c3e6bfb003ee5c9bfb396dd22f3"},
]

[package.extras]
dev = ["pre-commit", "tox"]
testing = ["coverage", "pytest", "pytest-benchmark"]

[[package]]
name = "polars"
version = "1.30.0"
description = "Blazingly fast DataFrame library"
optional = false
python-versions = ">=3.9"
groups = ["main"]
files = [
    {file = "polars-1.30.0-cp39-abi3-macosx_10_12_x86_64.whl", hash = "sha256:4c33bc97c29b7112f0e689a2f8a33143973a3ff466c70b25c7fd1880225de6dd"},
    {file = "polars-1.30.0-cp39-abi3-macosx_11_0_arm64.whl", hash = "sha256:e3d05914c364b8e39a5b10dcf97e84d76e516b3b1693880bf189a93aab3ca00d"},
    {file = "polars-1.30.0-cp39-abi3-manylinux_2_17_x86_64.manylinux2014_x86_64.whl", hash = "sha256:1a52af3862082b868c1febeae650af8ae8a2105d2cb28f0449179a7b44f54ccf"},
    {file = "polars-1.30.0-cp39-abi3-manylinux_2_24_aarch64.whl", hash = "sha256:ffb3ef133454275d4254442257c5f71dd6e393ce365c97997dadeb6fa9d6d4b5"},
    {file = "polars-1.30.0-cp39-abi3-win_amd64.whl", hash = "sha256:c26b633a9bd530c5fc09d317fca3bb3e16c772bd7df7549a9d8ec1934773cc5d"},
    {file = "polars-1.30.0-cp39-abi3-win_arm64.whl", hash = "sha256:476f1bde65bc7b4d9f80af370645c2981b5798d67c151055e58534e89e96f2a8"},
    {file = "polars-1.30.0.tar.gz", hash = "sha256:dfe94ae84a5efd9ba74e616e3e125b24ca155494a931890a8f17480737c4db45"},
]

[package.extras]
adbc = ["adbc-driver-manager[dbapi]", "adbc-driver-sqlite[dbapi]"]
all = ["polars[async,cloudpickle,database,deltalake,excel,fsspec,graph,iceberg,numpy,pandas,plot,pyarrow,pydantic,style,timezone]"]
async = ["gevent"]
calamine = ["fastexcel (>=0.9)"]
cloudpickle = ["cloudpickle"]
connectorx = ["connectorx (>=0.3.2)"]
database = ["polars[adbc,connectorx,sqlalchemy]"]
deltalake = ["deltalake (>=0.19.0)"]
excel = ["polars[calamine,openpyxl,xlsx2csv,xlsxwriter]"]
fsspec = ["fsspec"]
gpu = ["cudf-polars-cu12"]
graph = ["matplotlib"]
iceberg = ["pyiceberg (>=0.7.1)"]
numpy = ["numpy (>=1.16.0)"]
openpyxl = ["openpyxl (>=3.0.0)"]
pandas = ["pandas", "polars[pyarrow]"]
plot = ["altair (>=5.4.0)"]
polars-cloud = ["polars-cloud (>=0.0.1a1)"]
pyarrow = ["pyarrow (>=7.0.0)"]
pydantic = ["pydantic"]
sqlalchemy = ["polars[pandas]", "sqlalchemy"]
style = ["great-tables (>=0.8.0)"]
timezone = ["tzdata ; platform_system == \"Windows\""]
xlsx2csv = ["xlsx2csv (>=0.8.0)"]
xlsxwriter = ["xlsxwriter"]

[[package]]
name = "pytest"
version = "8.3.5"
description = "pytest: simple powerful testing with Python"
optional = false
python-versions = ">=3.8"
groups = ["main"]
files = [
    {file = "pytest-8.3.5-py3-none-any.whl", hash = "sha256:c69214aa47deac29fad6c2a4f590b9c4a9fdb16a403176fe154b79c0b4d4d820"},
    {file = "pytest-8.3.5.tar.gz", hash = "sha256:f4efe70cc14e511565ac476b57c279e12a855b11f48f212af1080ef2263d3845"},
]

[package.dependencies]
colorama = {version = "*", markers = "sys_platform == \"win32\""}
iniconfig = "*"
packaging = "*"
pluggy = ">=1.5,<2"

[package.extras]
dev = ["argcomplete", "attrs (>=19.2)", "hypothesis (>=3.56)", "mock", "pygments (>=2.7.2)", "requests", "setuptools", "xmlschema"]

[[package]]
name = "ruff"
version = "0.11.12"
description = "An extremely fast Python linter and code formatter, written in Rust."
optional = false
python-versions = ">=3.7"
groups = ["main"]
files = [
    {file = "ruff-0.11.12-py3-none-linux_armv6l.whl", hash = "sha256:c7680aa2f0d4c4f43353d1e72123955c7a2159b8646cd43402de6d4a3a25d7cc"},
    {file = "ruff-0.11.12-py3-none-macosx_10_12_x86_64.whl", hash = "sha256:2cad64843da9f134565c20bcc430642de897b8ea02e2e79e6e02a76b8dcad7c3"},
    {file = "ruff-0.11.12-py3-none-macosx_11_0_arm64.whl", hash = "sha256:9b6886b524a1c659cee1758140138455d3c029783d1b9e643f3624a5ee0cb0aa"},
    {file = "ruff-0.11.12-py3-none-manylinux_2_17_aarch64.manylinux2014_aarch64.whl", hash = "sha256:3cc3a3690aad6e86c1958d3ec3c38c4594b6ecec75c1f531e84160bd827b2012"},
    {file = "ruff-0.11.12-py3-none-manylinux_2_17_armv7l.manylinux2014_armv7l.whl", hash = "sha256:f97fdbc2549f456c65b3b0048560d44ddd540db1f27c778a938371424b49fe4a"},
    {file = "ruff-0.11.12-py3-none-manylinux_2_17_i686.manylinux2014_i686.whl", hash = "sha256:74adf84960236961090e2d1348c1a67d940fd12e811a33fb3d107df61eef8fc7"},
    {file = "ruff-0.11.12-py3-none-manylinux_2_17_ppc64.manylinux2014_ppc64.whl", hash = "sha256:b56697e5b8bcf1d61293ccfe63873aba08fdbcbbba839fc046ec5926bdb25a3a"},
    {file = "ruff-0.11.12-py3-none-manylinux_2_17_ppc64le.manylinux2014_ppc64le.whl", hash = "sha256:4d47afa45e7b0eaf5e5969c6b39cbd108be83910b5c74626247e366fd7a36a13"},
    {file = "ruff-0.11.12-py3-none-manylinux_2_17_s390x.manylinux2014_s390x.whl", hash = "sha256:692bf9603fe1bf949de8b09a2da896f05c01ed7a187f4a386cdba6760e7f61be"},
    {file = "ruff-0.11.12-py3-none-manylinux_2_17_x86_64.manylinux2014_x86_64.whl", hash = "sha256:08033320e979df3b20dba567c62f69c45e01df708b0f9c83912d7abd3e0801cd"},
    {file = "ruff-0.11.12-py3-none-musllinux_1_2_aarch64.whl", hash = "sha256:929b7706584f5bfd61d67d5070f399057d07c70585fa8c4491d78ada452d3bef"},
    {file = "ruff-0.11.12-py3-none-musllinux_1_2_armv7l.whl", hash = "sha256:7de4a73205dc5756b8e09ee3ed67c38312dce1aa28972b93150f5751199981b5"},
    {file = "ruff-0.11.12-py3-none-musllinux_1_2_i686.whl", hash = "sha256:2635c2a90ac1b8ca9e93b70af59dfd1dd2026a40e2d6eebaa3efb0465dd9cf02"},
    {file = "ruff-0.11.12-py3-none-musllinux_1_2_x86_64.whl", hash = "sha256:d05d6a78a89166f03f03a198ecc9d18779076ad0eec476819467acb401028c0c"},
    {file = "ruff-0.11.12-py3-none-win32.whl", hash = "sha256:f5a07f49767c4be4772d161bfc049c1f242db0cfe1bd976e0f0886732a4765d6"},
    {file = "ruff-0.11.12-py3-none-win_amd64.whl", hash = "sha256:5a4d9f8030d8c3a45df201d7fb3ed38d0219bccd7955268e863ee4a115fa0832"},
    {file = "ruff-0.11.12-py3-none-win_arm64.whl", hash = "sha256:65194e37853158d368e333ba282217941029a28ea90913c67e558c611d04daa5"},
    {file = "ruff-0.11.12.tar.gz", hash = "sha256:43cf7f69c7d7c7d7513b9d59c5d8cafd704e05944f978614aa9faff6ac202603"},
]

[[package]]
name = "xlsxwriter"
version = "3.2.3"
description = "A Python module for creating Excel XLSX files."
optional = false
python-versions = ">=3.6"
groups = ["main"]
files = [
    {file = "XlsxWriter-3.2.3-py3-none-any.whl", hash = "sha256:593f8296e8a91790c6d0378ab08b064f34a642b3feb787cf6738236bd0a4860d"},
    {file = "xlsxwriter-3.2.3.tar.gz", hash = "sha256:ad6fd41bdcf1b885876b1f6b7087560aecc9ae5a9cc2ba97dcac7ab2e210d3d5"},
]

[metadata]
lock-version = "2.1"
python-versions = ">=3.13"
content-hash = "f6f7913e92181319058131ec54a07dd1fa78be93d13c0e552e606b69deea986f"
